# This file is automatically @generated by Cargo.
# It is not intended for manual editing.
version = 4

[[package]]
name = "ai-governance-suite"
version = "0.1.0"

[[package]]
name = "ast-diff-core"
version = "0.1.0"

[[package]]
name = "dead-code-elim"
version = "0.1.0"

[[package]]
name = "dom-a11y-tree"
version = "0.1.0"

[[package]]
name = "ebpf-net-tracer"
version = "0.1.0"

[[package]]
name = "hipaa-log-audit"
version = "0.1.0"

[[package]]
name = "k6-mcp-runner"
version = "0.1.0"

[[package]]
name = "mcp-gate-proxy"
version = "0.1.0"

[[package]]
name = "mcp-tool-registry"
version = "0.1.0"

[[package]]
name = "mcp-transport-stdio"
version = "0.1.0"

[[package]]
name = "pii-masker-stream"
version = "0.1.0"

[[package]]
name = "ringbuf-telemetry"
version = "0.1.0"

[[package]]
name = "tui-diff-viewer"
version = "0.1.0"

[[package]]
name = "zero-mem-cache"
version = "0.1.0"
